{
  "nodes": {
    "flake-parts": {
      "inputs": {
        "nixpkgs-lib": "nixpkgs-lib"
      },
      "locked": {
        "lastModified": 1741352980,
        "narHash": "sha256-+u2UunDA4Cl5Fci3m7S643HzKmIDAe+fiXrLqYsR2fs=",
        "ref": "refs/heads/main",
        "rev": "f4330d22f1c5d2ba72d3d22df5597d123fdb60a9",
        "shallow": true,
        "type": "git",
        "url": "https://forgejo.spacetime.technology/nix-mirrors/flake-parts"
      },
      "original": {
        "shallow": true,
        "type": "git",
        "url": "https://forgejo.spacetime.technology/nix-mirrors/flake-parts"
      }
    },
    "nixpkgs": {
      "locked": {
        "lastModified": 1742800061,
        "narHash": "sha256-oDJGK1UMArK52vcW9S5S2apeec4rbfNELgc50LqiPNs=",
        "ref": "nixpkgs-unstable",
        "rev": "1750f3c1c89488e2ffdd47cab9d05454dddfb734",
        "shallow": true,
        "type": "git",
        "url": "https://forgejo.spacetime.technology/nix-mirrors/nixpkgs"
      },
      "original": {
        "ref": "nixpkgs-unstable",
        "shallow": true,
        "type": "git",
        "url": "https://forgejo.spacetime.technology/nix-mirrors/nixpkgs"
      }
    },
    "nixpkgs-lib": {
      "locked": {
        "lastModified": 1740877520,
        "narHash": "sha256-oiwv/ZK/2FhGxrCkQkB83i7GnWXPPLzoqFHpDD3uYpk=",
        "owner": "nix-community",
        "repo": "nixpkgs.lib",
        "rev": "147dee35aab2193b174e4c0868bd80ead5ce755c",
        "type": "github"
      },
      "original": {
        "owner": "nix-community",
        "repo": "nixpkgs.lib",
        "type": "github"
      }
    },
    "root": {
      "inputs": {
        "flake-parts": "flake-parts",
        "nixpkgs": "nixpkgs",
        "system": "system"
      }
    },
    "system": {
      "locked": {
        "lastModified": 1732204055,
        "narHash": "sha256-mHtkcHm37MDme/NSxU7hFU8SxM9GaX5tjznWAWBCxc8=",
        "ref": "refs/heads/master",
        "rev": "19d677525610a6169835e353678bf463600489ac",
        "shallow": true,
        "type": "git",
        "url": "https://forgejo.spacetime.technology/arbel/nix-system"
      },
      "original": {
        "shallow": true,
        "type": "git",
        "url": "https://forgejo.spacetime.technology/arbel/nix-system"
      }
    }
  },
  "root": "root",
  "version": 7
}
