{
  "requires": true,
  "lockfileVersion": 1,
  "dependencies": {
    "@types/nearley": {
      "version": "2.11.5",
      "resolved": "https://registry.npmjs.org/@types/nearley/-/nearley-2.11.5.tgz",
      "integrity": "sha512-dM7TrN0bVxGGXTYGx4YhGear8ysLO5SOuouAWM9oltjQ3m9oYa13qi8Z1DJp5zxVMPukvQdsrnZmgzpeuTSEQA=="
    }
  }
}
