{
  "dependencies": {
    "vulcanize": {
      "version": "1.9.1",
      "dependencies": {
        "dom5": {
          "version": "1.1.0",
          "dependencies": {
            "parse5": {
              "version": "1.4.2"
            }
          }
        },
        "es6-promise": {
          "version": "2.2.0"
        },
        "hydrolysis": {
          "version": "1.13.1",
          "dependencies": {
            "espree": {
              "version": "2.0.3"
            },
            "estraverse": {
              "version": "3.1.0"
            },
            "setimmediate": {
              "version": "1.0.2"
            }
          }
        },
        "nopt": {
          "version": "3.0.2",
          "dependencies": {
            "abbrev": {
              "version": "1.0.7"
            }
          }
        },
        "path-posix": {
          "version": "1.0.0"
        },
        "update-notifier": {
          "version": "0.5.0",
          "dependencies": {
            "chalk": {
              "version": "1.0.0",
              "dependencies": {
                "ansi-styles": {
                  "version": "2.0.1"
                },
                "escape-string-regexp": {
                  "version": "1.0.3"
                },
                "has-ansi": {
                  "version": "1.0.3",
                  "dependencies": {
                    "ansi-regex": {
                      "version": "1.1.1"
                    },
                    "get-stdin": {
                      "version": "4.0.1"
                    }
                  }
                },
                "strip-ansi": {
                  "version": "2.0.1",
                  "dependencies": {
                    "ansi-regex": {
                      "version": "1.1.1"
                    }
                  }
                },
                "supports-color": {
                  "version": "1.3.1"
                }
              }
            },
            "configstore": {
              "version": "1.1.0",
              "dependencies": {
                "graceful-fs": {
                  "version": "3.0.8"
                },
                "mkdirp": {
                  "version": "0.5.1",
                  "dependencies": {
                    "minimist": {
                      "version": "0.0.8"
                    }
                  }
                },
                "object-assign": {
                  "version": "2.1.1"
                },
                "os-tmpdir": {
                  "version": "1.0.1"
                },
                "osenv": {
                  "version": "0.1.1"
                },
                "user-home": {
                  "version": "1.1.1"
                },
                "uuid": {
                  "version": "2.0.1"
                },
                "xdg-basedir": {
                  "version": "1.0.1"
                }
              }
            },
            "is-npm": {
              "version": "1.0.0"
            },
            "latest-version": {
              "version": "1.0.0",
              "dependencies": {
                "package-json": {
                  "version": "1.2.0",
                  "dependencies": {
                    "got": {
                      "version": "3.2.0",
                      "dependencies": {
                        "duplexify": {
                          "version": "3.4.1",
                          "dependencies": {
                            "end-of-stream": {
                              "version": "1.0.0",
                              "dependencies": {
                                "once": {
                                  "version": "1.3.2",
                                  "dependencies": {
                                    "wrappy": {
                                      "version": "1.0.1"
                                    }
                                  }
                                }
                              }
                            },
                            "readable-stream": {
                              "version": "1.1.13",
                              "dependencies": {
                                "core-util-is": {
                                  "version": "1.0.1"
                                },
                                "isarray": {
                                  "version": "0.0.1"
                                },
                                "string_decoder": {
                                  "version": "0.10.31"
                                },
                                "inherits": {
                                  "version": "2.0.1"
                                }
                              }
                            }
                          }
                        },
                        "infinity-agent": {
                          "version": "2.0.3"
                        },
                        "is-stream": {
                          "version": "1.0.1"
                        },
                        "lowercase-keys": {
                          "version": "1.0.0"
                        },
                        "nested-error-stacks": {
                          "version": "1.0.0"
                        },
                        "object-assign": {
                          "version": "2.1.1"
                        },
                        "prepend-http": {
                          "version": "1.0.1"
                        },
                        "read-all-stream": {
                          "version": "2.1.2",
                          "dependencies": {
                            "readable-stream": {
                              "version": "1.1.13",
                              "dependencies": {
                                "core-util-is": {
                                  "version": "1.0.1"
                                },
                                "isarray": {
                                  "version": "0.0.1"
                                },
                                "string_decoder": {
                                  "version": "0.10.31"
                                },
                                "inherits": {
                                  "version": "2.0.1"
                                }
                              }
                            }
                          }
                        },
                        "statuses": {
                          "version": "1.2.1"
                        },
                        "timed-out": {
                          "version": "2.0.0"
                        }
                      }
                    },
                    "registry-url": {
                      "version": "3.0.3",
                      "dependencies": {
                        "rc": {
                          "version": "1.0.3",
                          "dependencies": {
                            "minimist": {
                              "version": "0.0.10"
                            },
                            "deep-extend": {
                              "version": "0.2.11"
                            },
                            "strip-json-comments": {
                              "version": "0.1.3"
                            },
                            "ini": {
                              "version": "1.3.4"
                            }
                          }
                        }
                      }
                    }
                  }
                }
              }
            },
            "repeating": {
              "version": "1.1.3",
              "dependencies": {
                "is-finite": {
                  "version": "1.0.1",
                  "dependencies": {
                    "number-is-nan": {
                      "version": "1.0.0"
                    }
                  }
                }
              }
            },
            "semver-diff": {
              "version": "2.0.0",
              "dependencies": {
                "semver": {
                  "version": "4.3.6"
                }
              }
            },
            "string-length": {
              "version": "1.0.0",
              "dependencies": {
                "strip-ansi": {
                  "version": "2.0.1",
                  "dependencies": {
                    "ansi-regex": {
                      "version": "1.1.1"
                    }
                  }
                }
              }
            }
          }
        }
      }
    }
  }
}
