{
  "dependencies": {
    "vulcanize": {
      "version": "1.14.7",
      "resolved": "https://registry.npmjs.org/vulcanize/-/vulcanize-1.14.7.tgz",
      "from": "https://registry.npmjs.org/vulcanize/-/vulcanize-1.14.7.tgz",
      "dependencies": {
        "dom5": {
          "version": "1.3.1",
          "resolved": "https://registry.npmjs.org/dom5/-/dom5-1.3.1.tgz",
          "from": "https://registry.npmjs.org/dom5/-/dom5-1.3.1.tgz",
          "dependencies": {
            "clone": {
              "version": "1.0.2",
              "resolved": "https://registry.npmjs.org/clone/-/clone-1.0.2.tgz",
              "from": "https://registry.npmjs.org/clone/-/clone-1.0.2.tgz"
            },
            "parse5": {
              "version": "1.5.1",
              "resolved": "https://registry.npmjs.org/parse5/-/parse5-1.5.1.tgz",
              "from": "https://registry.npmjs.org/parse5/-/parse5-1.5.1.tgz"
            }
          }
        },
        "es6-promise": {
          "version": "2.3.0",
          "resolved": "https://registry.npmjs.org/es6-promise/-/es6-promise-2.3.0.tgz",
          "from": "https://registry.npmjs.org/es6-promise/-/es6-promise-2.3.0.tgz"
        },
        "hydrolysis": {
          "version": "1.22.0",
          "resolved": "https://registry.npmjs.org/hydrolysis/-/hydrolysis-1.22.0.tgz",
          "from": "https://registry.npmjs.org/hydrolysis/-/hydrolysis-1.22.0.tgz",
          "dependencies": {
            "doctrine": {
              "version": "0.7.2",
              "resolved": "https://registry.npmjs.org/doctrine/-/doctrine-0.7.2.tgz",
              "from": "https://registry.npmjs.org/doctrine/-/doctrine-0.7.2.tgz",
              "dependencies": {
                "esutils": {
                  "version": "1.1.6",
                  "resolved": "https://registry.npmjs.org/esutils/-/esutils-1.1.6.tgz",
                  "from": "https://registry.npmjs.org/esutils/-/esutils-1.1.6.tgz"
                },
                "isarray": {
                  "version": "0.0.1",
                  "resolved": "https://registry.npmjs.org/isarray/-/isarray-0.0.1.tgz",
                  "from": "https://registry.npmjs.org/isarray/-/isarray-0.0.1.tgz"
                }
              }
            },
            "espree": {
              "version": "2.2.5",
              "resolved": "https://registry.npmjs.org/espree/-/espree-2.2.5.tgz",
              "from": "https://registry.npmjs.org/espree/-/espree-2.2.5.tgz"
            },
            "estraverse": {
              "version": "3.1.0",
              "resolved": "https://registry.npmjs.org/estraverse/-/estraverse-3.1.0.tgz",
              "from": "https://registry.npmjs.org/estraverse/-/estraverse-3.1.0.tgz"
            },
            "path-is-absolute": {
              "version": "1.0.0",
              "resolved": "https://registry.npmjs.org/path-is-absolute/-/path-is-absolute-1.0.0.tgz",
              "from": "https://registry.npmjs.org/path-is-absolute/-/path-is-absolute-1.0.0.tgz"
            }
          }
        },
        "nopt": {
          "version": "3.0.6",
          "resolved": "https://registry.npmjs.org/nopt/-/nopt-3.0.6.tgz",
          "from": "https://registry.npmjs.org/nopt/-/nopt-3.0.6.tgz",
          "dependencies": {
            "abbrev": {
              "version": "1.0.7",
              "resolved": "https://registry.npmjs.org/abbrev/-/abbrev-1.0.7.tgz",
              "from": "https://registry.npmjs.org/abbrev/-/abbrev-1.0.7.tgz"
            }
          }
        },
        "path-posix": {
          "version": "1.0.0",
          "resolved": "https://registry.npmjs.org/path-posix/-/path-posix-1.0.0.tgz",
          "from": "https://registry.npmjs.org/path-posix/-/path-posix-1.0.0.tgz"
        }
      }
    }
  }
}
